
Microsoft Visual Studio Solution File, Format Version 12.00
# Visual Studio 15
VisualStudioVersion = 15.0.28307.1209
MinimumVisualStudioVersion = 10.0.40219.1
Project("{FAE04EC0-301F-11D3-BF4B-00C04F79EFBC}") = "lab3", "lab3\lab3.csproj", "{3AE5B9A9-5774-4F4F-91AE-7EA92F98F964}"
EndProject
Global
	GlobalSection(SolutionConfigurationPlatforms) = preSolution
		Debug|Any CPU = Debug|Any CPU
		Release|Any CPU = Release|Any CPU
	EndGlobalSection
	GlobalSection(ProjectConfigurationPlatforms) = postSolution
		{3AE5B9A9-5774-4F4F-91AE-7EA92F98F964}.Debug|Any CPU.ActiveCfg = Debug|Any CPU
		{3AE5B9A9-5774-4F4F-91AE-7EA92F98F964}.Debug|Any CPU.Build.0 = Debug|Any CPU
		{3AE5B9A9-5774-4F4F-91AE-7EA92F98F964}.Release|Any CPU.ActiveCfg = Release|Any CPU
		{3AE5B9A9-5774-4F4F-91AE-7EA92F98F964}.Release|Any CPU.Build.0 = Release|Any CPU
	EndGlobalSection
	GlobalSection(SolutionProperties) = preSolution
		HideSolutionNode = FALSE
	EndGlobalSection
	GlobalSection(ExtensibilityGlobals) = postSolution
		SolutionGuid = {5728FBD3-722B-44C1-853D-0CC5A3369791}
	EndGlobalSection
EndGlobal
